
Microsoft Visual Studio Solution File, Format Version 12.00
# Visual Studio Version 17
VisualStudioVersion = 17.9.34701.34
MinimumVisualStudioVersion = 10.0.40219.1
Project("{FAE04EC0-301F-11D3-BF4B-00C04F79EFBC}") = "WinFormsApp1", "WinFormsApp1\WinFormsApp1.csproj", "{EE5FE351-760C-451F-A9FF-4864144D5289}"
EndProject
Global
	GlobalSection(SolutionConfigurationPlatforms) = preSolution
		Debug|Any CPU = Debug|Any CPU
		Release|Any CPU = Release|Any CPU
	EndGlobalSection
	GlobalSection(ProjectConfigurationPlatforms) = postSolution
		{EE5FE351-760C-451F-A9FF-4864144D5289}.Debug|Any CPU.ActiveCfg = Debug|Any CPU
		{EE5FE351-760C-451F-A9FF-4864144D5289}.Debug|Any CPU.Build.0 = Debug|Any CPU
		{EE5FE351-760C-451F-A9FF-4864144D5289}.Release|Any CPU.ActiveCfg = Release|Any CPU
		{EE5FE351-760C-451F-A9FF-4864144D5289}.Release|Any CPU.Build.0 = Release|Any CPU
	EndGlobalSection
	GlobalSection(SolutionProperties) = preSolution
		HideSolutionNode = FALSE
	EndGlobalSection
	GlobalSection(ExtensibilityGlobals) = postSolution
		SolutionGuid = {E88B8B98-3445-4543-88BD-12496A6FAB4D}
	EndGlobalSection
EndGlobal
