
Microsoft Visual Studio Solution File, Format Version 12.00
# Visual Studio Version 17
VisualStudioVersion = 17.7.34221.43
MinimumVisualStudioVersion = 10.0.40219.1
Project("{FAE04EC0-301F-11D3-BF4B-00C04F79EFBC}") = "PTesteLoops", "PTesteLoops\PTesteLoops.csproj", "{C685A2FF-6756-4176-95D6-725D1C13E25A}"
EndProject
Global
	GlobalSection(SolutionConfigurationPlatforms) = preSolution
		Debug|Any CPU = Debug|Any CPU
		Release|Any CPU = Release|Any CPU
	EndGlobalSection
	GlobalSection(ProjectConfigurationPlatforms) = postSolution
		{C685A2FF-6756-4176-95D6-725D1C13E25A}.Debug|Any CPU.ActiveCfg = Debug|Any CPU
		{C685A2FF-6756-4176-95D6-725D1C13E25A}.Debug|Any CPU.Build.0 = Debug|Any CPU
		{C685A2FF-6756-4176-95D6-725D1C13E25A}.Release|Any CPU.ActiveCfg = Release|Any CPU
		{C685A2FF-6756-4176-95D6-725D1C13E25A}.Release|Any CPU.Build.0 = Release|Any CPU
	EndGlobalSection
	GlobalSection(SolutionProperties) = preSolution
		HideSolutionNode = FALSE
	EndGlobalSection
	GlobalSection(ExtensibilityGlobals) = postSolution
		SolutionGuid = {DD66220F-52DC-4A25-AC33-A712446F1257}
	EndGlobalSection
EndGlobal
